// !$*UTF8*$!
{
	archiveVersion = 1;
	classes = {
	};
	objectVersion = 50;
	objects = {

/* Begin PBXBuildFile section */
		5448DE902654011D009CA2E3 /* MyPlantsCell.swift in Sources */ = {isa = PBXBuildFile; fileRef = 5448DE8F2654011D009CA2E3 /* MyPlantsCell.swift */; };
		5448DE912654011D009CA2E3 /* MyPlantsCell.swift in Sources */ = {isa = PBXBuildFile; fileRef = 5448DE8F2654011D009CA2E3 /* MyPlantsCell.swift */; };
		5B45665A265698E900BB13C9 /* CustomDatePicker.swift in Sources */ = {isa = PBXBuildFile; fileRef = 5B456659265698E900BB13C9 /* CustomDatePicker.swift */; };
		5B57A45C264C14CB00B917F1 /* plantatinhasApp.swift in Sources */ = {isa = PBXBuildFile; fileRef = 5BDBF761264AC24400AC9C24 /* plantatinhasApp.swift */; };
		5B57A45D264C14CF00B917F1 /* ContentView.swift in Sources */ = {isa = PBXBuildFile; fileRef = 5BDBF762264AC24400AC9C24 /* ContentView.swift */; };
		5B57A45E264C14D200B917F1 /* Persistence.swift in Sources */ = {isa = PBXBuildFile; fileRef = 5BDBF763264AC24400AC9C24 /* Persistence.swift */; };
		5B57A45F264C150100B917F1 /* plantatinhas.xcdatamodeld in Sources */ = {isa = PBXBuildFile; fileRef = 5BDBF75F264AC24400AC9C24 /* plantatinhas.xcdatamodeld */; };
		5B57A460264C163200B917F1 /* Assets.xcassets in Resources */ = {isa = PBXBuildFile; fileRef = 5BDBF764264AC24600AC9C24 /* Assets.xcassets */; };
		5BBC64D22653DF0B00F1251C /* Colors.swift in Sources */ = {isa = PBXBuildFile; fileRef = 5BBC64D12653DF0B00F1251C /* Colors.swift */; };
		5BBC64D42653E53700F1251C /* Colors.swift in Sources */ = {isa = PBXBuildFile; fileRef = 5BBC64D12653DF0B00F1251C /* Colors.swift */; };
		5BBC64D72653EB7500F1251C /* CircleProgress.swift in Sources */ = {isa = PBXBuildFile; fileRef = 5BBC64D62653EB7500F1251C /* CircleProgress.swift */; };
		5BBC64D82653EBB300F1251C /* CircleProgress.swift in Sources */ = {isa = PBXBuildFile; fileRef = 5BBC64D62653EB7500F1251C /* CircleProgress.swift */; };
		5BDBF775264AC24600AC9C24 /* plantatinhas.xcdatamodeld in Sources */ = {isa = PBXBuildFile; fileRef = 5BDBF75F264AC24400AC9C24 /* plantatinhas.xcdatamodeld */; };
		5BDBF777264AC24600AC9C24 /* plantatinhasApp.swift in Sources */ = {isa = PBXBuildFile; fileRef = 5BDBF761264AC24400AC9C24 /* plantatinhasApp.swift */; };
		5BDBF779264AC24600AC9C24 /* ContentView.swift in Sources */ = {isa = PBXBuildFile; fileRef = 5BDBF762264AC24400AC9C24 /* ContentView.swift */; };
		5BDBF77B264AC24600AC9C24 /* Persistence.swift in Sources */ = {isa = PBXBuildFile; fileRef = 5BDBF763264AC24400AC9C24 /* Persistence.swift */; };
		5BDBF77D264AC24600AC9C24 /* Assets.xcassets in Resources */ = {isa = PBXBuildFile; fileRef = 5BDBF764264AC24600AC9C24 /* Assets.xcassets */; };
		5BDBF78C264AC36700AC9C24 /* Assets.xcassets in Resources */ = {isa = PBXBuildFile; fileRef = 5BDBF78B264AC36700AC9C24 /* Assets.xcassets */; };
		5BDBF793264AC36700AC9C24 /* plantatinhas Extension.appex in Embed App Extensions */ = {isa = PBXBuildFile; fileRef = 5BDBF792264AC36700AC9C24 /* plantatinhas Extension.appex */; settings = {ATTRIBUTES = (RemoveHeadersOnCopy, ); }; };
		5BDBF79C264AC36700AC9C24 /* NotificationController.swift in Sources */ = {isa = PBXBuildFile; fileRef = 5BDBF79B264AC36700AC9C24 /* NotificationController.swift */; };
		5BDBF79E264AC36700AC9C24 /* NotificationView.swift in Sources */ = {isa = PBXBuildFile; fileRef = 5BDBF79D264AC36700AC9C24 /* NotificationView.swift */; };
		5BDBF7A0264AC36700AC9C24 /* ComplicationController.swift in Sources */ = {isa = PBXBuildFile; fileRef = 5BDBF79F264AC36700AC9C24 /* ComplicationController.swift */; };
		5BDBF7A2264AC36800AC9C24 /* Assets.xcassets in Resources */ = {isa = PBXBuildFile; fileRef = 5BDBF7A1264AC36800AC9C24 /* Assets.xcassets */; };
		5BDBF7A5264AC36800AC9C24 /* Preview Assets.xcassets in Resources */ = {isa = PBXBuildFile; fileRef = 5BDBF7A4264AC36800AC9C24 /* Preview Assets.xcassets */; };
		5BDBF7AA264AC36800AC9C24 /* plantatinhas.app in Embed Watch Content */ = {isa = PBXBuildFile; fileRef = 5BDBF789264AC36600AC9C24 /* plantatinhas.app */; settings = {ATTRIBUTES = (RemoveHeadersOnCopy, ); }; };
		5BEB143B26558C39006FA88A /* SegmentedControl.swift in Sources */ = {isa = PBXBuildFile; fileRef = 5BEB143A26558C39006FA88A /* SegmentedControl.swift */; };
		5BF097362655394900DF57FF /* PlantDetails.swift in Sources */ = {isa = PBXBuildFile; fileRef = 5BF097352655394900DF57FF /* PlantDetails.swift */; };
		5BF097372655396700DF57FF /* PlantDetails.swift in Sources */ = {isa = PBXBuildFile; fileRef = 5BF097352655394900DF57FF /* PlantDetails.swift */; };
		A42A70482655454100169FE8 /* TodayCare.swift in Sources */ = {isa = PBXBuildFile; fileRef = A42A70472655454100169FE8 /* TodayCare.swift */; };
		A42A70492655454100169FE8 /* TodayCare.swift in Sources */ = {isa = PBXBuildFile; fileRef = A42A70472655454100169FE8 /* TodayCare.swift */; };
		5BF0973926554C3F00DF57FF /* DayPicker.swift in Sources */ = {isa = PBXBuildFile; fileRef = 5BF0973826554C3F00DF57FF /* DayPicker.swift */; };
		5BF0973C2655854100DF57FF /* DetailsHeader.swift in Sources */ = {isa = PBXBuildFile; fileRef = 5BF0973B2655854100DF57FF /* DetailsHeader.swift */; };
		5BF0973D2655854100DF57FF /* DetailsHeader.swift in Sources */ = {isa = PBXBuildFile; fileRef = 5BF0973B2655854100DF57FF /* DetailsHeader.swift */; };
		D722116C264D5112004478EE /* PlantModel.swift in Sources */ = {isa = PBXBuildFile; fileRef = D722116B264D5112004478EE /* PlantModel.swift */; };
		D722116D264D5395004478EE /* PlantModel.swift in Sources */ = {isa = PBXBuildFile; fileRef = D722116B264D5112004478EE /* PlantModel.swift */; };
		D7673135264D4B0200632905 /* PlantWorker.swift in Sources */ = {isa = PBXBuildFile; fileRef = D7673134264D4B0200632905 /* PlantWorker.swift */; };
		D7673136264D4B0200632905 /* PlantWorker.swift in Sources */ = {isa = PBXBuildFile; fileRef = D7673134264D4B0200632905 /* PlantWorker.swift */; };
		D767313A264D4D2300632905 /* CloudKit.framework in Frameworks */ = {isa = PBXBuildFile; fileRef = D7673139264D4D2300632905 /* CloudKit.framework */; };
		D767313D264D4D5E00632905 /* CloudKit.framework in Frameworks */ = {isa = PBXBuildFile; fileRef = D767313C264D4D5E00632905 /* CloudKit.framework */; };
		D7AC7D0B2653F356006AE657 /* DashboardViewController.swift in Sources */ = {isa = PBXBuildFile; fileRef = D7AC7D0A2653F356006AE657 /* DashboardViewController.swift */; };
		D7AC7D102655323B006AE657 /* ViewBase.swift in Sources */ = {isa = PBXBuildFile; fileRef = D7AC7D0F2655323B006AE657 /* ViewBase.swift */; };
		D7AC7D1226567FAC006AE657 /* ViewBase.swift in Sources */ = {isa = PBXBuildFile; fileRef = D7AC7D0F2655323B006AE657 /* ViewBase.swift */; };
/* End PBXBuildFile section */

/* Begin PBXContainerItemProxy section */
		5BDBF794264AC36700AC9C24 /* PBXContainerItemProxy */ = {
			isa = PBXContainerItemProxy;
			containerPortal = 5BDBF75A264AC24400AC9C24 /* Project object */;
			proxyType = 1;
			remoteGlobalIDString = 5BDBF791264AC36700AC9C24;
			remoteInfo = "plantatinhas Extension";
		};
		5BDBF7A8264AC36800AC9C24 /* PBXContainerItemProxy */ = {
			isa = PBXContainerItemProxy;
			containerPortal = 5BDBF75A264AC24400AC9C24 /* Project object */;
			proxyType = 1;
			remoteGlobalIDString = 5BDBF788264AC36600AC9C24;
			remoteInfo = plantatinhas;
		};
/* End PBXContainerItemProxy section */

/* Begin PBXCopyFilesBuildPhase section */
		5BDBF7AE264AC36800AC9C24 /* Embed App Extensions */ = {
			isa = PBXCopyFilesBuildPhase;
			buildActionMask = 2147483647;
			dstPath = "";
			dstSubfolderSpec = 13;
			files = (
				5BDBF793264AC36700AC9C24 /* plantatinhas Extension.appex in Embed App Extensions */,
			);
			name = "Embed App Extensions";
			runOnlyForDeploymentPostprocessing = 0;
		};
		5BDBF7B2264AC36800AC9C24 /* Embed Watch Content */ = {
			isa = PBXCopyFilesBuildPhase;
			buildActionMask = 2147483647;
			dstPath = "$(CONTENTS_FOLDER_PATH)/Watch";
			dstSubfolderSpec = 16;
			files = (
				5BDBF7AA264AC36800AC9C24 /* plantatinhas.app in Embed Watch Content */,
			);
			name = "Embed Watch Content";
			runOnlyForDeploymentPostprocessing = 0;
		};
/* End PBXCopyFilesBuildPhase section */

/* Begin PBXFileReference section */
		5448DE8F2654011D009CA2E3 /* MyPlantsCell.swift */ = {isa = PBXFileReference; lastKnownFileType = sourcecode.swift; path = MyPlantsCell.swift; sourceTree = "<group>"; };
		5B456659265698E900BB13C9 /* CustomDatePicker.swift */ = {isa = PBXFileReference; lastKnownFileType = sourcecode.swift; path = CustomDatePicker.swift; sourceTree = "<group>"; };
		5BBC64D12653DF0B00F1251C /* Colors.swift */ = {isa = PBXFileReference; lastKnownFileType = sourcecode.swift; path = Colors.swift; sourceTree = "<group>"; };
		5BBC64D62653EB7500F1251C /* CircleProgress.swift */ = {isa = PBXFileReference; lastKnownFileType = sourcecode.swift; path = CircleProgress.swift; sourceTree = "<group>"; };
		5BDBF760264AC24400AC9C24 /* Shared.xcdatamodel */ = {isa = PBXFileReference; lastKnownFileType = wrapper.xcdatamodel; path = Shared.xcdatamodel; sourceTree = "<group>"; };
		5BDBF761264AC24400AC9C24 /* plantatinhasApp.swift */ = {isa = PBXFileReference; lastKnownFileType = sourcecode.swift; path = plantatinhasApp.swift; sourceTree = "<group>"; };
		5BDBF762264AC24400AC9C24 /* ContentView.swift */ = {isa = PBXFileReference; lastKnownFileType = sourcecode.swift; path = ContentView.swift; sourceTree = "<group>"; };
		5BDBF763264AC24400AC9C24 /* Persistence.swift */ = {isa = PBXFileReference; lastKnownFileType = sourcecode.swift; path = Persistence.swift; sourceTree = "<group>"; };
		5BDBF764264AC24600AC9C24 /* Assets.xcassets */ = {isa = PBXFileReference; lastKnownFileType = folder.assetcatalog; path = Assets.xcassets; sourceTree = "<group>"; };
		5BDBF769264AC24600AC9C24 /* plantatinhas.app */ = {isa = PBXFileReference; explicitFileType = wrapper.application; includeInIndex = 0; path = plantatinhas.app; sourceTree = BUILT_PRODUCTS_DIR; };
		5BDBF76C264AC24600AC9C24 /* Info.plist */ = {isa = PBXFileReference; lastKnownFileType = text.plist.xml; path = Info.plist; sourceTree = "<group>"; };
		5BDBF789264AC36600AC9C24 /* plantatinhas.app */ = {isa = PBXFileReference; explicitFileType = wrapper.application; includeInIndex = 0; path = plantatinhas.app; sourceTree = BUILT_PRODUCTS_DIR; };
		5BDBF78B264AC36700AC9C24 /* Assets.xcassets */ = {isa = PBXFileReference; lastKnownFileType = folder.assetcatalog; path = Assets.xcassets; sourceTree = "<group>"; };
		5BDBF78D264AC36700AC9C24 /* Info.plist */ = {isa = PBXFileReference; lastKnownFileType = text.plist.xml; path = Info.plist; sourceTree = "<group>"; };
		5BDBF792264AC36700AC9C24 /* plantatinhas Extension.appex */ = {isa = PBXFileReference; explicitFileType = "wrapper.app-extension"; includeInIndex = 0; path = "plantatinhas Extension.appex"; sourceTree = BUILT_PRODUCTS_DIR; };
		5BDBF79B264AC36700AC9C24 /* NotificationController.swift */ = {isa = PBXFileReference; lastKnownFileType = sourcecode.swift; path = NotificationController.swift; sourceTree = "<group>"; };
		5BDBF79D264AC36700AC9C24 /* NotificationView.swift */ = {isa = PBXFileReference; lastKnownFileType = sourcecode.swift; path = NotificationView.swift; sourceTree = "<group>"; };
		5BDBF79F264AC36700AC9C24 /* ComplicationController.swift */ = {isa = PBXFileReference; lastKnownFileType = sourcecode.swift; path = ComplicationController.swift; sourceTree = "<group>"; };
		5BDBF7A1264AC36800AC9C24 /* Assets.xcassets */ = {isa = PBXFileReference; lastKnownFileType = folder.assetcatalog; path = Assets.xcassets; sourceTree = "<group>"; };
		5BDBF7A4264AC36800AC9C24 /* Preview Assets.xcassets */ = {isa = PBXFileReference; lastKnownFileType = folder.assetcatalog; path = "Preview Assets.xcassets"; sourceTree = "<group>"; };
		5BDBF7A6264AC36800AC9C24 /* Info.plist */ = {isa = PBXFileReference; lastKnownFileType = text.plist.xml; path = Info.plist; sourceTree = "<group>"; };
		5BDBF7A7264AC36800AC9C24 /* PushNotificationPayload.apns */ = {isa = PBXFileReference; lastKnownFileType = text; path = PushNotificationPayload.apns; sourceTree = "<group>"; };
		5BEB143A26558C39006FA88A /* SegmentedControl.swift */ = {isa = PBXFileReference; lastKnownFileType = sourcecode.swift; path = SegmentedControl.swift; sourceTree = "<group>"; };
		5BF097352655394900DF57FF /* PlantDetails.swift */ = {isa = PBXFileReference; fileEncoding = 4; lastKnownFileType = sourcecode.swift; path = PlantDetails.swift; sourceTree = "<group>"; };
		A42A70472655454100169FE8 /* TodayCare.swift */ = {isa = PBXFileReference; lastKnownFileType = sourcecode.swift; path = TodayCare.swift; sourceTree = "<group>"; };
		5BF0973826554C3F00DF57FF /* DayPicker.swift */ = {isa = PBXFileReference; lastKnownFileType = sourcecode.swift; path = DayPicker.swift; sourceTree = "<group>"; };
		5BF0973B2655854100DF57FF /* DetailsHeader.swift */ = {isa = PBXFileReference; lastKnownFileType = sourcecode.swift; path = DetailsHeader.swift; sourceTree = "<group>"; };
		D722116B264D5112004478EE /* PlantModel.swift */ = {isa = PBXFileReference; lastKnownFileType = sourcecode.swift; path = PlantModel.swift; sourceTree = "<group>"; };
		D7673134264D4B0200632905 /* PlantWorker.swift */ = {isa = PBXFileReference; lastKnownFileType = sourcecode.swift; path = PlantWorker.swift; sourceTree = "<group>"; };
		D7673137264D4D0F00632905 /* plantatinhas.entitlements */ = {isa = PBXFileReference; lastKnownFileType = text.plist.entitlements; path = plantatinhas.entitlements; sourceTree = "<group>"; };
		D7673139264D4D2300632905 /* CloudKit.framework */ = {isa = PBXFileReference; lastKnownFileType = wrapper.framework; name = CloudKit.framework; path = Platforms/iPhoneOS.platform/Developer/SDKs/iPhoneOS14.5.sdk/System/Library/Frameworks/CloudKit.framework; sourceTree = DEVELOPER_DIR; };
		D767313B264D4D5A00632905 /* plantatinhas Extension.entitlements */ = {isa = PBXFileReference; lastKnownFileType = text.plist.entitlements; path = "plantatinhas Extension.entitlements"; sourceTree = "<group>"; };
		D767313C264D4D5E00632905 /* CloudKit.framework */ = {isa = PBXFileReference; lastKnownFileType = wrapper.framework; name = CloudKit.framework; path = Platforms/WatchOS.platform/Developer/SDKs/WatchOS7.4.sdk/System/Library/Frameworks/CloudKit.framework; sourceTree = DEVELOPER_DIR; };
		D7AC7D0A2653F356006AE657 /* DashboardViewController.swift */ = {isa = PBXFileReference; lastKnownFileType = sourcecode.swift; path = DashboardViewController.swift; sourceTree = "<group>"; };
		D7AC7D0F2655323B006AE657 /* ViewBase.swift */ = {isa = PBXFileReference; lastKnownFileType = sourcecode.swift; path = ViewBase.swift; sourceTree = "<group>"; };
/* End PBXFileReference section */

/* Begin PBXFrameworksBuildPhase section */
		5BDBF766264AC24600AC9C24 /* Frameworks */ = {
			isa = PBXFrameworksBuildPhase;
			buildActionMask = 2147483647;
			files = (
				D767313A264D4D2300632905 /* CloudKit.framework in Frameworks */,
			);
			runOnlyForDeploymentPostprocessing = 0;
		};
		5BDBF78F264AC36700AC9C24 /* Frameworks */ = {
			isa = PBXFrameworksBuildPhase;
			buildActionMask = 2147483647;
			files = (
				D767313D264D4D5E00632905 /* CloudKit.framework in Frameworks */,
			);
			runOnlyForDeploymentPostprocessing = 0;
		};
/* End PBXFrameworksBuildPhase section */

/* Begin PBXGroup section */
		5BBC64D02653DEE700F1251C /* Extensions */ = {
			isa = PBXGroup;
			children = (
				5BBC64D12653DF0B00F1251C /* Colors.swift */,
			);
			path = Extensions;
			sourceTree = "<group>";
		};
		5BBC64D52653EB6200F1251C /* Components */ = {
			isa = PBXGroup;
			children = (
				5448DE8F2654011D009CA2E3 /* MyPlantsCell.swift */,
				A42A70472655454100169FE8 /* TodayCare.swift */,
				5BEB143A26558C39006FA88A /* SegmentedControl.swift */,
				5BBC64D62653EB7500F1251C /* CircleProgress.swift */,
				5BF0973826554C3F00DF57FF /* DayPicker.swift */,
				5BF0973B2655854100DF57FF /* DetailsHeader.swift */,
				5B456659265698E900BB13C9 /* CustomDatePicker.swift */,
			);
			path = Components;
			sourceTree = "<group>";
		};
		5BDBF759264AC24400AC9C24 = {
			isa = PBXGroup;
			children = (
				D7673137264D4D0F00632905 /* plantatinhas.entitlements */,
				5BDBF75E264AC24400AC9C24 /* Shared */,
				5BDBF76B264AC24600AC9C24 /* iOS */,
				5BDBF78A264AC36600AC9C24 /* plantatinhas */,
				5BDBF796264AC36700AC9C24 /* plantatinhas Extension */,
				5BDBF76A264AC24600AC9C24 /* Products */,
				D7673138264D4D2300632905 /* Frameworks */,
			);
			sourceTree = "<group>";
		};
		5BDBF75E264AC24400AC9C24 /* Shared */ = {
			isa = PBXGroup;
			children = (
				5BBC64D02653DEE700F1251C /* Extensions */,
				D7673133264D4AB100632905 /* Worker */,
				5BDBF7B7264AC54100AC9C24 /* Scenes */,
				5BDBF7B6264AC52B00AC9C24 /* Model */,
				5BDBF761264AC24400AC9C24 /* plantatinhasApp.swift */,
				5BDBF762264AC24400AC9C24 /* ContentView.swift */,
				5BDBF763264AC24400AC9C24 /* Persistence.swift */,
				5BDBF764264AC24600AC9C24 /* Assets.xcassets */,
				5BDBF75F264AC24400AC9C24 /* plantatinhas.xcdatamodeld */,
			);
			path = Shared;
			sourceTree = "<group>";
		};
		5BDBF76A264AC24600AC9C24 /* Products */ = {
			isa = PBXGroup;
			children = (
				5BDBF769264AC24600AC9C24 /* plantatinhas.app */,
				5BDBF789264AC36600AC9C24 /* plantatinhas.app */,
				5BDBF792264AC36700AC9C24 /* plantatinhas Extension.appex */,
			);
			name = Products;
			sourceTree = "<group>";
		};
		5BDBF76B264AC24600AC9C24 /* iOS */ = {
			isa = PBXGroup;
			children = (
				D7AC7D082653F331006AE657 /* scenes */,
				5BDBF76C264AC24600AC9C24 /* Info.plist */,
				D7AC7D0F2655323B006AE657 /* ViewBase.swift */,
			);
			path = iOS;
			sourceTree = "<group>";
		};
		5BDBF78A264AC36600AC9C24 /* plantatinhas */ = {
			isa = PBXGroup;
			children = (
				5BDBF78B264AC36700AC9C24 /* Assets.xcassets */,
				5BDBF78D264AC36700AC9C24 /* Info.plist */,
			);
			path = plantatinhas;
			sourceTree = "<group>";
		};
		5BDBF796264AC36700AC9C24 /* plantatinhas Extension */ = {
			isa = PBXGroup;
			children = (
				D767313B264D4D5A00632905 /* plantatinhas Extension.entitlements */,
				5BDBF79B264AC36700AC9C24 /* NotificationController.swift */,
				5BDBF79D264AC36700AC9C24 /* NotificationView.swift */,
				5BDBF79F264AC36700AC9C24 /* ComplicationController.swift */,
				5BDBF7A1264AC36800AC9C24 /* Assets.xcassets */,
				5BDBF7A6264AC36800AC9C24 /* Info.plist */,
				5BDBF7A7264AC36800AC9C24 /* PushNotificationPayload.apns */,
				5BDBF7A3264AC36800AC9C24 /* Preview Content */,
			);
			path = "plantatinhas Extension";
			sourceTree = "<group>";
		};
		5BDBF7A3264AC36800AC9C24 /* Preview Content */ = {
			isa = PBXGroup;
			children = (
				5BDBF7A4264AC36800AC9C24 /* Preview Assets.xcassets */,
			);
			path = "Preview Content";
			sourceTree = "<group>";
		};
		5BDBF7B6264AC52B00AC9C24 /* Model */ = {
			isa = PBXGroup;
			children = (
				D722116B264D5112004478EE /* PlantModel.swift */,
			);
			path = Model;
			sourceTree = "<group>";
		};
		5BDBF7B7264AC54100AC9C24 /* Scenes */ = {
			isa = PBXGroup;
			children = (
				5BF097352655394900DF57FF /* PlantDetails.swift */,
				5BBC64D52653EB6200F1251C /* Components */,
			);
			path = Scenes;
			sourceTree = "<group>";
		};
		D7673133264D4AB100632905 /* Worker */ = {
			isa = PBXGroup;
			children = (
				D7673134264D4B0200632905 /* PlantWorker.swift */,
			);
			path = Worker;
			sourceTree = "<group>";
		};
		D7673138264D4D2300632905 /* Frameworks */ = {
			isa = PBXGroup;
			children = (
				D767313C264D4D5E00632905 /* CloudKit.framework */,
				D7673139264D4D2300632905 /* CloudKit.framework */,
			);
			name = Frameworks;
			sourceTree = "<group>";
		};
		D7AC7D082653F331006AE657 /* scenes */ = {
			isa = PBXGroup;
			children = (
				D7AC7D092653F33D006AE657 /* Dashboard */,
			);
			path = scenes;
			sourceTree = "<group>";
		};
		D7AC7D092653F33D006AE657 /* Dashboard */ = {
			isa = PBXGroup;
			children = (
				D7AC7D0A2653F356006AE657 /* DashboardViewController.swift */,
			);
			path = Dashboard;
			sourceTree = "<group>";
		};
/* End PBXGroup section */

/* Begin PBXNativeTarget section */
		5BDBF768264AC24600AC9C24 /* plantatinhas (iOS) */ = {
			isa = PBXNativeTarget;
			buildConfigurationList = 5BDBF781264AC24600AC9C24 /* Build configuration list for PBXNativeTarget "plantatinhas (iOS)" */;
			buildPhases = (
				5BDBF765264AC24600AC9C24 /* Sources */,
				5BDBF766264AC24600AC9C24 /* Frameworks */,
				5BDBF767264AC24600AC9C24 /* Resources */,
				5BDBF7B2264AC36800AC9C24 /* Embed Watch Content */,
				5BDBF7B3264AC4E500AC9C24 /* ShellScript */,
			);
			buildRules = (
			);
			dependencies = (
				5BDBF7A9264AC36800AC9C24 /* PBXTargetDependency */,
			);
			name = "plantatinhas (iOS)";
			productName = "plantatinhas (iOS)";
			productReference = 5BDBF769264AC24600AC9C24 /* plantatinhas.app */;
			productType = "com.apple.product-type.application";
		};
		5BDBF788264AC36600AC9C24 /* plantatinhas */ = {
			isa = PBXNativeTarget;
			buildConfigurationList = 5BDBF7AF264AC36800AC9C24 /* Build configuration list for PBXNativeTarget "plantatinhas" */;
			buildPhases = (
				5BDBF787264AC36600AC9C24 /* Resources */,
				5BDBF7AE264AC36800AC9C24 /* Embed App Extensions */,
				5BDBF7B4264AC4F400AC9C24 /* ShellScript */,
			);
			buildRules = (
			);
			dependencies = (
				5BDBF795264AC36700AC9C24 /* PBXTargetDependency */,
			);
			name = plantatinhas;
			productName = plantatinhas;
			productReference = 5BDBF789264AC36600AC9C24 /* plantatinhas.app */;
			productType = "com.apple.product-type.application.watchapp2";
		};
		5BDBF791264AC36700AC9C24 /* plantatinhas Extension */ = {
			isa = PBXNativeTarget;
			buildConfigurationList = 5BDBF7AB264AC36800AC9C24 /* Build configuration list for PBXNativeTarget "plantatinhas Extension" */;
			buildPhases = (
				5BDBF78E264AC36700AC9C24 /* Sources */,
				5BDBF78F264AC36700AC9C24 /* Frameworks */,
				5BDBF790264AC36700AC9C24 /* Resources */,
				5BDBF7B5264AC4FC00AC9C24 /* ShellScript */,
			);
			buildRules = (
			);
			dependencies = (
			);
			name = "plantatinhas Extension";
			productName = "plantatinhas Extension";
			productReference = 5BDBF792264AC36700AC9C24 /* plantatinhas Extension.appex */;
			productType = "com.apple.product-type.watchkit2-extension";
		};
/* End PBXNativeTarget section */

/* Begin PBXProject section */
		5BDBF75A264AC24400AC9C24 /* Project object */ = {
			isa = PBXProject;
			attributes = {
				LastSwiftUpdateCheck = 1250;
				LastUpgradeCheck = 1250;
				TargetAttributes = {
					5BDBF768264AC24600AC9C24 = {
						CreatedOnToolsVersion = 12.5;
					};
					5BDBF788264AC36600AC9C24 = {
						CreatedOnToolsVersion = 12.5;
					};
					5BDBF791264AC36700AC9C24 = {
						CreatedOnToolsVersion = 12.5;
					};
				};
			};
			buildConfigurationList = 5BDBF75D264AC24400AC9C24 /* Build configuration list for PBXProject "plantatinhas" */;
			compatibilityVersion = "Xcode 9.3";
			developmentRegion = en;
			hasScannedForEncodings = 0;
			knownRegions = (
				en,
				Base,
			);
			mainGroup = 5BDBF759264AC24400AC9C24;
			productRefGroup = 5BDBF76A264AC24600AC9C24 /* Products */;
			projectDirPath = "";
			projectRoot = "";
			targets = (
				5BDBF768264AC24600AC9C24 /* plantatinhas (iOS) */,
				5BDBF788264AC36600AC9C24 /* plantatinhas */,
				5BDBF791264AC36700AC9C24 /* plantatinhas Extension */,
			);
		};
/* End PBXProject section */

/* Begin PBXResourcesBuildPhase section */
		5BDBF767264AC24600AC9C24 /* Resources */ = {
			isa = PBXResourcesBuildPhase;
			buildActionMask = 2147483647;
			files = (
				5BDBF77D264AC24600AC9C24 /* Assets.xcassets in Resources */,
			);
			runOnlyForDeploymentPostprocessing = 0;
		};
		5BDBF787264AC36600AC9C24 /* Resources */ = {
			isa = PBXResourcesBuildPhase;
			buildActionMask = 2147483647;
			files = (
				5BDBF78C264AC36700AC9C24 /* Assets.xcassets in Resources */,
			);
			runOnlyForDeploymentPostprocessing = 0;
		};
		5BDBF790264AC36700AC9C24 /* Resources */ = {
			isa = PBXResourcesBuildPhase;
			buildActionMask = 2147483647;
			files = (
				5BDBF7A5264AC36800AC9C24 /* Preview Assets.xcassets in Resources */,
				5B57A460264C163200B917F1 /* Assets.xcassets in Resources */,
				5BDBF7A2264AC36800AC9C24 /* Assets.xcassets in Resources */,
			);
			runOnlyForDeploymentPostprocessing = 0;
		};
/* End PBXResourcesBuildPhase section */

/* Begin PBXShellScriptBuildPhase section */
		5BDBF7B3264AC4E500AC9C24 /* ShellScript */ = {
			isa = PBXShellScriptBuildPhase;
			buildActionMask = 2147483647;
			files = (
			);
			inputFileListPaths = (
			);
			inputPaths = (
			);
			outputFileListPaths = (
			);
			outputPaths = (
			);
			runOnlyForDeploymentPostprocessing = 0;
			shellPath = /bin/sh;
			shellScript = "# Type a script or drag a script file from your workspace to insert its path.\nif which swiftlint >/dev/null; then\n  swiftlint\nelse\n  echo \"warning: SwiftLint not installed, download from https://github.com/realm/SwiftLint\"\nfi\n";
		};
		5BDBF7B4264AC4F400AC9C24 /* ShellScript */ = {
			isa = PBXShellScriptBuildPhase;
			buildActionMask = 2147483647;
			files = (
			);
			inputFileListPaths = (
			);
			inputPaths = (
			);
			outputFileListPaths = (
			);
			outputPaths = (
			);
			runOnlyForDeploymentPostprocessing = 0;
			shellPath = /bin/sh;
			shellScript = "# Type a script or drag a script file from your workspace to insert its path.\nif which swiftlint >/dev/null; then\n  swiftlint\nelse\n  echo \"warning: SwiftLint not installed, download from https://github.com/realm/SwiftLint\"\nfi\n";
		};
		5BDBF7B5264AC4FC00AC9C24 /* ShellScript */ = {
			isa = PBXShellScriptBuildPhase;
			buildActionMask = 2147483647;
			files = (
			);
			inputFileListPaths = (
			);
			inputPaths = (
			);
			outputFileListPaths = (
			);
			outputPaths = (
			);
			runOnlyForDeploymentPostprocessing = 0;
			shellPath = /bin/sh;
			shellScript = "# Type a script or drag a script file from your workspace to insert its path.\nif which swiftlint >/dev/null; then\n  swiftlint\nelse\n  echo \"warning: SwiftLint not installed, download from https://github.com/realm/SwiftLint\"\nfi\n";
		};
/* End PBXShellScriptBuildPhase section */

/* Begin PBXSourcesBuildPhase section */
		5BDBF765264AC24600AC9C24 /* Sources */ = {
			isa = PBXSourcesBuildPhase;
			buildActionMask = 2147483647;
			files = (
				A42A70482655454100169FE8 /* TodayCare.swift in Sources */,
				5BDBF777264AC24600AC9C24 /* plantatinhasApp.swift in Sources */,
				D7AC7D0B2653F356006AE657 /* DashboardViewController.swift in Sources */,
				D7AC7D102655323B006AE657 /* ViewBase.swift in Sources */,
				5B45665A265698E900BB13C9 /* CustomDatePicker.swift in Sources */,
				5BBC64D22653DF0B00F1251C /* Colors.swift in Sources */,
				5448DE902654011D009CA2E3 /* MyPlantsCell.swift in Sources */,
				D722116C264D5112004478EE /* PlantModel.swift in Sources */,
				5BF097362655394900DF57FF /* PlantDetails.swift in Sources */,
				5BDBF77B264AC24600AC9C24 /* Persistence.swift in Sources */,
				5BF0973926554C3F00DF57FF /* DayPicker.swift in Sources */,
				5BBC64D72653EB7500F1251C /* CircleProgress.swift in Sources */,
				5BDBF775264AC24600AC9C24 /* plantatinhas.xcdatamodeld in Sources */,
				5BEB143B26558C39006FA88A /* SegmentedControl.swift in Sources */,
				5BF0973C2655854100DF57FF /* DetailsHeader.swift in Sources */,
				D7673135264D4B0200632905 /* PlantWorker.swift in Sources */,
				5BDBF779264AC24600AC9C24 /* ContentView.swift in Sources */,
			);
			runOnlyForDeploymentPostprocessing = 0;
		};
		5BDBF78E264AC36700AC9C24 /* Sources */ = {
			isa = PBXSourcesBuildPhase;
			buildActionMask = 2147483647;
			files = (
				5B57A45C264C14CB00B917F1 /* plantatinhasApp.swift in Sources */,
				5BBC64D42653E53700F1251C /* Colors.swift in Sources */,
				5BF0973D2655854100DF57FF /* DetailsHeader.swift in Sources */,
				5BBC64D82653EBB300F1251C /* CircleProgress.swift in Sources */,
				A42A70492655454100169FE8 /* TodayCare.swift in Sources */,
				5B57A45F264C150100B917F1 /* plantatinhas.xcdatamodeld in Sources */,
				D7AC7D1226567FAC006AE657 /* ViewBase.swift in Sources */,
				5B57A45E264C14D200B917F1 /* Persistence.swift in Sources */,
				5BDBF79C264AC36700AC9C24 /* NotificationController.swift in Sources */,
				D722116D264D5395004478EE /* PlantModel.swift in Sources */,
				5B57A45D264C14CF00B917F1 /* ContentView.swift in Sources */,
				D7673136264D4B0200632905 /* PlantWorker.swift in Sources */,
				5BDBF7A0264AC36700AC9C24 /* ComplicationController.swift in Sources */,
				5448DE912654011D009CA2E3 /* MyPlantsCell.swift in Sources */,
				5BDBF79E264AC36700AC9C24 /* NotificationView.swift in Sources */,
			);
			runOnlyForDeploymentPostprocessing = 0;
		};
/* End PBXSourcesBuildPhase section */

/* Begin PBXTargetDependency section */
		5BDBF795264AC36700AC9C24 /* PBXTargetDependency */ = {
			isa = PBXTargetDependency;
			target = 5BDBF791264AC36700AC9C24 /* plantatinhas Extension */;
			targetProxy = 5BDBF794264AC36700AC9C24 /* PBXContainerItemProxy */;
		};
		5BDBF7A9264AC36800AC9C24 /* PBXTargetDependency */ = {
			isa = PBXTargetDependency;
			target = 5BDBF788264AC36600AC9C24 /* plantatinhas */;
			targetProxy = 5BDBF7A8264AC36800AC9C24 /* PBXContainerItemProxy */;
		};
/* End PBXTargetDependency section */

/* Begin XCBuildConfiguration section */
		5BDBF77F264AC24600AC9C24 /* Debug */ = {
			isa = XCBuildConfiguration;
			buildSettings = {
				ALWAYS_SEARCH_USER_PATHS = NO;
				CLANG_ANALYZER_NONNULL = YES;
				CLANG_ANALYZER_NUMBER_OBJECT_CONVERSION = YES_AGGRESSIVE;
				CLANG_CXX_LANGUAGE_STANDARD = "gnu++14";
				CLANG_CXX_LIBRARY = "libc++";
				CLANG_ENABLE_MODULES = YES;
				CLANG_ENABLE_OBJC_ARC = YES;
				CLANG_ENABLE_OBJC_WEAK = YES;
				CLANG_WARN_BLOCK_CAPTURE_AUTORELEASING = YES;
				CLANG_WARN_BOOL_CONVERSION = YES;
				CLANG_WARN_COMMA = YES;
				CLANG_WARN_CONSTANT_CONVERSION = YES;
				CLANG_WARN_DEPRECATED_OBJC_IMPLEMENTATIONS = YES;
				CLANG_WARN_DIRECT_OBJC_ISA_USAGE = YES_ERROR;
				CLANG_WARN_DOCUMENTATION_COMMENTS = YES;
				CLANG_WARN_EMPTY_BODY = YES;
				CLANG_WARN_ENUM_CONVERSION = YES;
				CLANG_WARN_INFINITE_RECURSION = YES;
				CLANG_WARN_INT_CONVERSION = YES;
				CLANG_WARN_NON_LITERAL_NULL_CONVERSION = YES;
				CLANG_WARN_OBJC_IMPLICIT_RETAIN_SELF = YES;
				CLANG_WARN_OBJC_LITERAL_CONVERSION = YES;
				CLANG_WARN_OBJC_ROOT_CLASS = YES_ERROR;
				CLANG_WARN_QUOTED_INCLUDE_IN_FRAMEWORK_HEADER = YES;
				CLANG_WARN_RANGE_LOOP_ANALYSIS = YES;
				CLANG_WARN_STRICT_PROTOTYPES = YES;
				CLANG_WARN_SUSPICIOUS_MOVE = YES;
				CLANG_WARN_UNGUARDED_AVAILABILITY = YES_AGGRESSIVE;
				CLANG_WARN_UNREACHABLE_CODE = YES;
				CLANG_WARN__DUPLICATE_METHOD_MATCH = YES;
				COPY_PHASE_STRIP = NO;
				DEBUG_INFORMATION_FORMAT = dwarf;
				ENABLE_STRICT_OBJC_MSGSEND = YES;
				ENABLE_TESTABILITY = YES;
				GCC_C_LANGUAGE_STANDARD = gnu11;
				GCC_DYNAMIC_NO_PIC = NO;
				GCC_NO_COMMON_BLOCKS = YES;
				GCC_OPTIMIZATION_LEVEL = 0;
				GCC_PREPROCESSOR_DEFINITIONS = (
					"DEBUG=1",
					"$(inherited)",
				);
				GCC_WARN_64_TO_32_BIT_CONVERSION = YES;
				GCC_WARN_ABOUT_RETURN_TYPE = YES_ERROR;
				GCC_WARN_UNDECLARED_SELECTOR = YES;
				GCC_WARN_UNINITIALIZED_AUTOS = YES_AGGRESSIVE;
				GCC_WARN_UNUSED_FUNCTION = YES;
				GCC_WARN_UNUSED_VARIABLE = YES;
				MTL_ENABLE_DEBUG_INFO = INCLUDE_SOURCE;
				MTL_FAST_MATH = YES;
				ONLY_ACTIVE_ARCH = YES;
				SWIFT_ACTIVE_COMPILATION_CONDITIONS = DEBUG;
				SWIFT_OPTIMIZATION_LEVEL = "-Onone";
			};
			name = Debug;
		};
		5BDBF780264AC24600AC9C24 /* Release */ = {
			isa = XCBuildConfiguration;
			buildSettings = {
				ALWAYS_SEARCH_USER_PATHS = NO;
				CLANG_ANALYZER_NONNULL = YES;
				CLANG_ANALYZER_NUMBER_OBJECT_CONVERSION = YES_AGGRESSIVE;
				CLANG_CXX_LANGUAGE_STANDARD = "gnu++14";
				CLANG_CXX_LIBRARY = "libc++";
				CLANG_ENABLE_MODULES = YES;
				CLANG_ENABLE_OBJC_ARC = YES;
				CLANG_ENABLE_OBJC_WEAK = YES;
				CLANG_WARN_BLOCK_CAPTURE_AUTORELEASING = YES;
				CLANG_WARN_BOOL_CONVERSION = YES;
				CLANG_WARN_COMMA = YES;
				CLANG_WARN_CONSTANT_CONVERSION = YES;
				CLANG_WARN_DEPRECATED_OBJC_IMPLEMENTATIONS = YES;
				CLANG_WARN_DIRECT_OBJC_ISA_USAGE = YES_ERROR;
				CLANG_WARN_DOCUMENTATION_COMMENTS = YES;
				CLANG_WARN_EMPTY_BODY = YES;
				CLANG_WARN_ENUM_CONVERSION = YES;
				CLANG_WARN_INFINITE_RECURSION = YES;
				CLANG_WARN_INT_CONVERSION = YES;
				CLANG_WARN_NON_LITERAL_NULL_CONVERSION = YES;
				CLANG_WARN_OBJC_IMPLICIT_RETAIN_SELF = YES;
				CLANG_WARN_OBJC_LITERAL_CONVERSION = YES;
				CLANG_WARN_OBJC_ROOT_CLASS = YES_ERROR;
				CLANG_WARN_QUOTED_INCLUDE_IN_FRAMEWORK_HEADER = YES;
				CLANG_WARN_RANGE_LOOP_ANALYSIS = YES;
				CLANG_WARN_STRICT_PROTOTYPES = YES;
				CLANG_WARN_SUSPICIOUS_MOVE = YES;
				CLANG_WARN_UNGUARDED_AVAILABILITY = YES_AGGRESSIVE;
				CLANG_WARN_UNREACHABLE_CODE = YES;
				CLANG_WARN__DUPLICATE_METHOD_MATCH = YES;
				COPY_PHASE_STRIP = NO;
				DEBUG_INFORMATION_FORMAT = "dwarf-with-dsym";
				ENABLE_NS_ASSERTIONS = NO;
				ENABLE_STRICT_OBJC_MSGSEND = YES;
				GCC_C_LANGUAGE_STANDARD = gnu11;
				GCC_NO_COMMON_BLOCKS = YES;
				GCC_WARN_64_TO_32_BIT_CONVERSION = YES;
				GCC_WARN_ABOUT_RETURN_TYPE = YES_ERROR;
				GCC_WARN_UNDECLARED_SELECTOR = YES;
				GCC_WARN_UNINITIALIZED_AUTOS = YES_AGGRESSIVE;
				GCC_WARN_UNUSED_FUNCTION = YES;
				GCC_WARN_UNUSED_VARIABLE = YES;
				MTL_ENABLE_DEBUG_INFO = NO;
				MTL_FAST_MATH = YES;
				SWIFT_COMPILATION_MODE = wholemodule;
				SWIFT_OPTIMIZATION_LEVEL = "-O";
			};
			name = Release;
		};
		5BDBF782264AC24600AC9C24 /* Debug */ = {
			isa = XCBuildConfiguration;
			buildSettings = {
				ASSETCATALOG_COMPILER_APPICON_NAME = AppIcon;
				ASSETCATALOG_COMPILER_GLOBAL_ACCENT_COLOR_NAME = AccentColor;
				CODE_SIGN_ENTITLEMENTS = plantatinhas.entitlements;
				CODE_SIGN_STYLE = Automatic;
				DEVELOPMENT_TEAM = 795A25396T;
				ENABLE_PREVIEWS = YES;
				INFOPLIST_FILE = iOS/Info.plist;
				IPHONEOS_DEPLOYMENT_TARGET = 14.0;
				LD_RUNPATH_SEARCH_PATHS = (
					"$(inherited)",
					"@executable_path/Frameworks",
				);
				PRODUCT_BUNDLE_IDENTIFIER = academy.plantinhas;
				PRODUCT_NAME = plantatinhas;
				SDKROOT = iphoneos;
				SWIFT_VERSION = 5.0;
				TARGETED_DEVICE_FAMILY = "1,2";
			};
			name = Debug;
		};
		5BDBF783264AC24600AC9C24 /* Release */ = {
			isa = XCBuildConfiguration;
			buildSettings = {
				ASSETCATALOG_COMPILER_APPICON_NAME = AppIcon;
				ASSETCATALOG_COMPILER_GLOBAL_ACCENT_COLOR_NAME = AccentColor;
				CODE_SIGN_ENTITLEMENTS = plantatinhas.entitlements;
				CODE_SIGN_STYLE = Automatic;
				DEVELOPMENT_TEAM = 795A25396T;
				ENABLE_PREVIEWS = YES;
				INFOPLIST_FILE = iOS/Info.plist;
				IPHONEOS_DEPLOYMENT_TARGET = 14.0;
				LD_RUNPATH_SEARCH_PATHS = (
					"$(inherited)",
					"@executable_path/Frameworks",
				);
				PRODUCT_BUNDLE_IDENTIFIER = academy.plantinhas;
				PRODUCT_NAME = plantatinhas;
				SDKROOT = iphoneos;
				SWIFT_VERSION = 5.0;
				TARGETED_DEVICE_FAMILY = "1,2";
				VALIDATE_PRODUCT = YES;
			};
			name = Release;
		};
		5BDBF7AC264AC36800AC9C24 /* Debug */ = {
			isa = XCBuildConfiguration;
			buildSettings = {
				ASSETCATALOG_COMPILER_COMPLICATION_NAME = Complication;
				CODE_SIGN_ENTITLEMENTS = "plantatinhas Extension/plantatinhas Extension.entitlements";
				CODE_SIGN_STYLE = Automatic;
				DEVELOPMENT_ASSET_PATHS = "\"plantatinhas Extension/Preview Content\"";
				DEVELOPMENT_TEAM = 795A25396T;
				ENABLE_PREVIEWS = YES;
				INFOPLIST_FILE = "plantatinhas Extension/Info.plist";
				LD_RUNPATH_SEARCH_PATHS = (
					"$(inherited)",
					"@executable_path/Frameworks",
					"@executable_path/../../Frameworks",
				);
				PRODUCT_BUNDLE_IDENTIFIER = academy.plantinhas.watchkitapp.watchkitextension;
				PRODUCT_NAME = "${TARGET_NAME}";
				SDKROOT = watchos;
				SKIP_INSTALL = YES;
				SWIFT_VERSION = 5.0;
				TARGETED_DEVICE_FAMILY = 4;
				WATCHOS_DEPLOYMENT_TARGET = 7.4;
			};
			name = Debug;
		};
		5BDBF7AD264AC36800AC9C24 /* Release */ = {
			isa = XCBuildConfiguration;
			buildSettings = {
				ASSETCATALOG_COMPILER_COMPLICATION_NAME = Complication;
				CODE_SIGN_ENTITLEMENTS = "plantatinhas Extension/plantatinhas Extension.entitlements";
				CODE_SIGN_STYLE = Automatic;
				DEVELOPMENT_ASSET_PATHS = "\"plantatinhas Extension/Preview Content\"";
				DEVELOPMENT_TEAM = 795A25396T;
				ENABLE_PREVIEWS = YES;
				INFOPLIST_FILE = "plantatinhas Extension/Info.plist";
				LD_RUNPATH_SEARCH_PATHS = (
					"$(inherited)",
					"@executable_path/Frameworks",
					"@executable_path/../../Frameworks",
				);
				PRODUCT_BUNDLE_IDENTIFIER = academy.plantinhas.watchkitapp.watchkitextension;
				PRODUCT_NAME = "${TARGET_NAME}";
				SDKROOT = watchos;
				SKIP_INSTALL = YES;
				SWIFT_VERSION = 5.0;
				TARGETED_DEVICE_FAMILY = 4;
				VALIDATE_PRODUCT = YES;
				WATCHOS_DEPLOYMENT_TARGET = 7.4;
			};
			name = Release;
		};
		5BDBF7B0264AC36800AC9C24 /* Debug */ = {
			isa = XCBuildConfiguration;
			buildSettings = {
				ALWAYS_EMBED_SWIFT_STANDARD_LIBRARIES = YES;
				ASSETCATALOG_COMPILER_APPICON_NAME = AppIcon;
				ASSETCATALOG_COMPILER_GLOBAL_ACCENT_COLOR_NAME = AccentColor;
				CODE_SIGN_STYLE = Automatic;
				DEVELOPMENT_TEAM = 795A25396T;
				IBSC_MODULE = plantatinhas_Extension;
				INFOPLIST_FILE = plantatinhas/Info.plist;
				PRODUCT_BUNDLE_IDENTIFIER = academy.plantinhas.watchkitapp;
				PRODUCT_NAME = "$(TARGET_NAME)";
				SDKROOT = watchos;
				SKIP_INSTALL = YES;
				SWIFT_VERSION = 5.0;
				TARGETED_DEVICE_FAMILY = 4;
				WATCHOS_DEPLOYMENT_TARGET = 7.4;
			};
			name = Debug;
		};
		5BDBF7B1264AC36800AC9C24 /* Release */ = {
			isa = XCBuildConfiguration;
			buildSettings = {
				ALWAYS_EMBED_SWIFT_STANDARD_LIBRARIES = YES;
				ASSETCATALOG_COMPILER_APPICON_NAME = AppIcon;
				ASSETCATALOG_COMPILER_GLOBAL_ACCENT_COLOR_NAME = AccentColor;
				CODE_SIGN_STYLE = Automatic;
				DEVELOPMENT_TEAM = 795A25396T;
				IBSC_MODULE = plantatinhas_Extension;
				INFOPLIST_FILE = plantatinhas/Info.plist;
				PRODUCT_BUNDLE_IDENTIFIER = academy.plantinhas.watchkitapp;
				PRODUCT_NAME = "$(TARGET_NAME)";
				SDKROOT = watchos;
				SKIP_INSTALL = YES;
				SWIFT_VERSION = 5.0;
				TARGETED_DEVICE_FAMILY = 4;
				VALIDATE_PRODUCT = YES;
				WATCHOS_DEPLOYMENT_TARGET = 7.4;
			};
			name = Release;
		};
/* End XCBuildConfiguration section */

/* Begin XCConfigurationList section */
		5BDBF75D264AC24400AC9C24 /* Build configuration list for PBXProject "plantatinhas" */ = {
			isa = XCConfigurationList;
			buildConfigurations = (
				5BDBF77F264AC24600AC9C24 /* Debug */,
				5BDBF780264AC24600AC9C24 /* Release */,
			);
			defaultConfigurationIsVisible = 0;
			defaultConfigurationName = Release;
		};
		5BDBF781264AC24600AC9C24 /* Build configuration list for PBXNativeTarget "plantatinhas (iOS)" */ = {
			isa = XCConfigurationList;
			buildConfigurations = (
				5BDBF782264AC24600AC9C24 /* Debug */,
				5BDBF783264AC24600AC9C24 /* Release */,
			);
			defaultConfigurationIsVisible = 0;
			defaultConfigurationName = Release;
		};
		5BDBF7AB264AC36800AC9C24 /* Build configuration list for PBXNativeTarget "plantatinhas Extension" */ = {
			isa = XCConfigurationList;
			buildConfigurations = (
				5BDBF7AC264AC36800AC9C24 /* Debug */,
				5BDBF7AD264AC36800AC9C24 /* Release */,
			);
			defaultConfigurationIsVisible = 0;
			defaultConfigurationName = Release;
		};
		5BDBF7AF264AC36800AC9C24 /* Build configuration list for PBXNativeTarget "plantatinhas" */ = {
			isa = XCConfigurationList;
			buildConfigurations = (
				5BDBF7B0264AC36800AC9C24 /* Debug */,
				5BDBF7B1264AC36800AC9C24 /* Release */,
			);
			defaultConfigurationIsVisible = 0;
			defaultConfigurationName = Release;
		};
/* End XCConfigurationList section */

/* Begin XCVersionGroup section */
		5BDBF75F264AC24400AC9C24 /* plantatinhas.xcdatamodeld */ = {
			isa = XCVersionGroup;
			children = (
				5BDBF760264AC24400AC9C24 /* Shared.xcdatamodel */,
			);
			currentVersion = 5BDBF760264AC24400AC9C24 /* Shared.xcdatamodel */;
			path = plantatinhas.xcdatamodeld;
			sourceTree = "<group>";
			versionGroupType = wrapper.xcdatamodel;
		};
/* End XCVersionGroup section */
	};
	rootObject = 5BDBF75A264AC24400AC9C24 /* Project object */;
}
